
Microsoft Visual Studio Solution File, Format Version 12.00
# Visual Studio 15
VisualStudioVersion = 15.0.26430.13
MinimumVisualStudioVersion = 10.0.40219.1
Project("{FAE04EC0-301F-11D3-BF4B-00C04F79EFBC}") = "gmapRDv1", "gmapRDv1\gmapRDv1.csproj", "{406A07E3-DE5B-47D8-8ACA-CAA38453D58C}"
EndProject
Global
	GlobalSection(SolutionConfigurationPlatforms) = preSolution
		Debug|Any CPU = Debug|Any CPU
		Release|Any CPU = Release|Any CPU
	EndGlobalSection
	GlobalSection(ProjectConfigurationPlatforms) = postSolution
		{406A07E3-DE5B-47D8-8ACA-CAA38453D58C}.Debug|Any CPU.ActiveCfg = Debug|Any CPU
		{406A07E3-DE5B-47D8-8ACA-CAA38453D58C}.Debug|Any CPU.Build.0 = Debug|Any CPU
		{406A07E3-DE5B-47D8-8ACA-CAA38453D58C}.Release|Any CPU.ActiveCfg = Release|Any CPU
		{406A07E3-DE5B-47D8-8ACA-CAA38453D58C}.Release|Any CPU.Build.0 = Release|Any CPU
	EndGlobalSection
	GlobalSection(SolutionProperties) = preSolution
		HideSolutionNode = FALSE
	EndGlobalSection
EndGlobal
